// !$*UTF8*$!
{
	archiveVersion = 1;
	classes = {
	};
	objectVersion = 56;
	objects = {

/* Begin PBXBuildFile section */
		BD2735E62C166EE2002EF972 /* AppInfoLabel.swift in Sources */ = {isa = PBXBuildFile; fileRef = BD2735E52C166EE2002EF972 /* AppInfoLabel.swift */; };
		BD2735E82C166FD6002EF972 /* AppInfoContent.swift in Sources */ = {isa = PBXBuildFile; fileRef = BD2735E72C166FD6002EF972 /* AppInfoContent.swift */; };
		BD338E322C044AEB00E7F2E7 /* AnimalApp.swift in Sources */ = {isa = PBXBuildFile; fileRef = BD338E312C044AEB00E7F2E7 /* AnimalApp.swift */; };
		BD338E342C044AEB00E7F2E7 /* ContentView.swift in Sources */ = {isa = PBXBuildFile; fileRef = BD338E332C044AEB00E7F2E7 /* ContentView.swift */; };
		BD338E362C044AED00E7F2E7 /* Assets.xcassets in Resources */ = {isa = PBXBuildFile; fileRef = BD338E352C044AED00E7F2E7 /* Assets.xcassets */; };
		BD338E392C044AED00E7F2E7 /* Preview Assets.xcassets in Resources */ = {isa = PBXBuildFile; fileRef = BD338E382C044AED00E7F2E7 /* Preview Assets.xcassets */; };
		BD338E4B2C04611800E7F2E7 /* locations.json in Resources */ = {isa = PBXBuildFile; fileRef = BD338E492C04611800E7F2E7 /* locations.json */; };
		BD338E4F2C0465D600E7F2E7 /* CGFloat+Extension.swift in Sources */ = {isa = PBXBuildFile; fileRef = BD338E4E2C0465D600E7F2E7 /* CGFloat+Extension.swift */; };
		BD338E512C04664300E7F2E7 /* View+Extension.swift in Sources */ = {isa = PBXBuildFile; fileRef = BD338E502C04664300E7F2E7 /* View+Extension.swift */; };
		BD338E532C0467D400E7F2E7 /* Bundle+Extension.swift in Sources */ = {isa = PBXBuildFile; fileRef = BD338E522C0467D400E7F2E7 /* Bundle+Extension.swift */; };
		BD338E552C04794300E7F2E7 /* SplashView.swift in Sources */ = {isa = PBXBuildFile; fileRef = BD338E542C04794300E7F2E7 /* SplashView.swift */; };
		BD338E572C0479AB00E7F2E7 /* HomeView.swift in Sources */ = {isa = PBXBuildFile; fileRef = BD338E562C0479AB00E7F2E7 /* HomeView.swift */; };
		BD338E592C047CF500E7F2E7 /* VideoView.swift in Sources */ = {isa = PBXBuildFile; fileRef = BD338E582C047CF500E7F2E7 /* VideoView.swift */; };
		BD338E5B2C047CFB00E7F2E7 /* GalleryView.swift in Sources */ = {isa = PBXBuildFile; fileRef = BD338E5A2C047CFB00E7F2E7 /* GalleryView.swift */; };
		BD338E5D2C047D0300E7F2E7 /* AppInfoView.swift in Sources */ = {isa = PBXBuildFile; fileRef = BD338E5C2C047D0300E7F2E7 /* AppInfoView.swift */; };
		BD6AF8A02C05A7E7002FFB50 /* Animal.swift in Sources */ = {isa = PBXBuildFile; fileRef = BD6AF89F2C05A7E7002FFB50 /* Animal.swift */; };
		BD6AF8A22C05AF0B002FFB50 /* AnimalViewModel.swift in Sources */ = {isa = PBXBuildFile; fileRef = BD6AF8A12C05AF0B002FFB50 /* AnimalViewModel.swift */; };
		BD6AF8A42C05AF79002FFB50 /* animals.json in Resources */ = {isa = PBXBuildFile; fileRef = BD6AF8A32C05AF79002FFB50 /* animals.json */; };
		BD6AF8A62C05AF8E002FFB50 /* covers.json in Resources */ = {isa = PBXBuildFile; fileRef = BD6AF8A52C05AF8E002FFB50 /* covers.json */; };
		BD6AF8A82C05AF97002FFB50 /* videos.json in Resources */ = {isa = PBXBuildFile; fileRef = BD6AF8A72C05AF97002FFB50 /* videos.json */; };
		BD6AF8AA2C05B19E002FFB50 /* CoverImageView.swift in Sources */ = {isa = PBXBuildFile; fileRef = BD6AF8A92C05B19E002FFB50 /* CoverImageView.swift */; };
		BD6AF8AC2C05B1F6002FFB50 /* CoverImage.swift in Sources */ = {isa = PBXBuildFile; fileRef = BD6AF8AB2C05B1F6002FFB50 /* CoverImage.swift */; };
		BD6AF8AE2C05B399002FFB50 /* AnimalListView.swift in Sources */ = {isa = PBXBuildFile; fileRef = BD6AF8AD2C05B399002FFB50 /* AnimalListView.swift */; };
		BD6AF8B02C05B50C002FFB50 /* CreditView.swift in Sources */ = {isa = PBXBuildFile; fileRef = BD6AF8AF2C05B50C002FFB50 /* CreditView.swift */; };
		BD83B7982C05C3470085E26A /* DetailView.swift in Sources */ = {isa = PBXBuildFile; fileRef = BD83B7972C05C3470085E26A /* DetailView.swift */; };
		BD83B79A2C05C51B0085E26A /* DetailHeadView.swift in Sources */ = {isa = PBXBuildFile; fileRef = BD83B7992C05C51B0085E26A /* DetailHeadView.swift */; };
		BD83B79C2C05C5C40085E26A /* DetailGalleryView.swift in Sources */ = {isa = PBXBuildFile; fileRef = BD83B79B2C05C5C40085E26A /* DetailGalleryView.swift */; };
		BD83B79E2C05C7AC0085E26A /* DetailFactView.swift in Sources */ = {isa = PBXBuildFile; fileRef = BD83B79D2C05C7AC0085E26A /* DetailFactView.swift */; };
		BD83B7A02C05C8A00085E26A /* ExternalWebLink.swift in Sources */ = {isa = PBXBuildFile; fileRef = BD83B79F2C05C8A00085E26A /* ExternalWebLink.swift */; };
		BD9537622C06FE59009D1B5A /* Video.swift in Sources */ = {isa = PBXBuildFile; fileRef = BD9537612C06FE59009D1B5A /* Video.swift */; };
		BD9537642C07005B009D1B5A /* VideoListItem.swift in Sources */ = {isa = PBXBuildFile; fileRef = BD9537632C07005B009D1B5A /* VideoListItem.swift */; };
		BD9537662C0702BC009D1B5A /* VideoPlayerView.swift in Sources */ = {isa = PBXBuildFile; fileRef = BD9537652C0702BC009D1B5A /* VideoPlayerView.swift */; };
		BD9537682C070303009D1B5A /* YoutubeView.swift in Sources */ = {isa = PBXBuildFile; fileRef = BD9537672C070303009D1B5A /* YoutubeView.swift */; };
/* End PBXBuildFile section */

/* Begin PBXFileReference section */
		BD2735E52C166EE2002EF972 /* AppInfoLabel.swift */ = {isa = PBXFileReference; lastKnownFileType = sourcecode.swift; path = AppInfoLabel.swift; sourceTree = "<group>"; };
		BD2735E72C166FD6002EF972 /* AppInfoContent.swift */ = {isa = PBXFileReference; lastKnownFileType = sourcecode.swift; path = AppInfoContent.swift; sourceTree = "<group>"; };
		BD338E2E2C044AEB00E7F2E7 /* Animal.app */ = {isa = PBXFileReference; explicitFileType = wrapper.application; includeInIndex = 0; path = Animal.app; sourceTree = BUILT_PRODUCTS_DIR; };
		BD338E312C044AEB00E7F2E7 /* AnimalApp.swift */ = {isa = PBXFileReference; lastKnownFileType = sourcecode.swift; path = AnimalApp.swift; sourceTree = "<group>"; };
		BD338E332C044AEB00E7F2E7 /* ContentView.swift */ = {isa = PBXFileReference; lastKnownFileType = sourcecode.swift; path = ContentView.swift; sourceTree = "<group>"; };
		BD338E352C044AED00E7F2E7 /* Assets.xcassets */ = {isa = PBXFileReference; lastKnownFileType = folder.assetcatalog; path = Assets.xcassets; sourceTree = "<group>"; };
		BD338E382C044AED00E7F2E7 /* Preview Assets.xcassets */ = {isa = PBXFileReference; lastKnownFileType = folder.assetcatalog; path = "Preview Assets.xcassets"; sourceTree = "<group>"; };
		BD338E492C04611800E7F2E7 /* locations.json */ = {isa = PBXFileReference; fileEncoding = 4; lastKnownFileType = text.json; path = locations.json; sourceTree = "<group>"; };
		BD338E4E2C0465D600E7F2E7 /* CGFloat+Extension.swift */ = {isa = PBXFileReference; lastKnownFileType = sourcecode.swift; path = "CGFloat+Extension.swift"; sourceTree = "<group>"; };
		BD338E502C04664300E7F2E7 /* View+Extension.swift */ = {isa = PBXFileReference; lastKnownFileType = sourcecode.swift; path = "View+Extension.swift"; sourceTree = "<group>"; };
		BD338E522C0467D400E7F2E7 /* Bundle+Extension.swift */ = {isa = PBXFileReference; lastKnownFileType = sourcecode.swift; path = "Bundle+Extension.swift"; sourceTree = "<group>"; };
		BD338E542C04794300E7F2E7 /* SplashView.swift */ = {isa = PBXFileReference; lastKnownFileType = sourcecode.swift; path = SplashView.swift; sourceTree = "<group>"; };
		BD338E562C0479AB00E7F2E7 /* HomeView.swift */ = {isa = PBXFileReference; lastKnownFileType = sourcecode.swift; path = HomeView.swift; sourceTree = "<group>"; };
		BD338E582C047CF500E7F2E7 /* VideoView.swift */ = {isa = PBXFileReference; lastKnownFileType = sourcecode.swift; path = VideoView.swift; sourceTree = "<group>"; };
		BD338E5A2C047CFB00E7F2E7 /* GalleryView.swift */ = {isa = PBXFileReference; lastKnownFileType = sourcecode.swift; path = GalleryView.swift; sourceTree = "<group>"; };
		BD338E5C2C047D0300E7F2E7 /* AppInfoView.swift */ = {isa = PBXFileReference; lastKnownFileType = sourcecode.swift; path = AppInfoView.swift; sourceTree = "<group>"; };
		BD6AF89F2C05A7E7002FFB50 /* Animal.swift */ = {isa = PBXFileReference; lastKnownFileType = sourcecode.swift; path = Animal.swift; sourceTree = "<group>"; };
		BD6AF8A12C05AF0B002FFB50 /* AnimalViewModel.swift */ = {isa = PBXFileReference; lastKnownFileType = sourcecode.swift; path = AnimalViewModel.swift; sourceTree = "<group>"; };
		BD6AF8A32C05AF79002FFB50 /* animals.json */ = {isa = PBXFileReference; fileEncoding = 4; lastKnownFileType = text.json; path = animals.json; sourceTree = "<group>"; };
		BD6AF8A52C05AF8E002FFB50 /* covers.json */ = {isa = PBXFileReference; fileEncoding = 4; lastKnownFileType = text.json; path = covers.json; sourceTree = "<group>"; };
		BD6AF8A72C05AF97002FFB50 /* videos.json */ = {isa = PBXFileReference; fileEncoding = 4; lastKnownFileType = text.json; path = videos.json; sourceTree = "<group>"; };
		BD6AF8A92C05B19E002FFB50 /* CoverImageView.swift */ = {isa = PBXFileReference; lastKnownFileType = sourcecode.swift; path = CoverImageView.swift; sourceTree = "<group>"; };
		BD6AF8AB2C05B1F6002FFB50 /* CoverImage.swift */ = {isa = PBXFileReference; lastKnownFileType = sourcecode.swift; path = CoverImage.swift; sourceTree = "<group>"; };
		BD6AF8AD2C05B399002FFB50 /* AnimalListView.swift */ = {isa = PBXFileReference; lastKnownFileType = sourcecode.swift; path = AnimalListView.swift; sourceTree = "<group>"; };
		BD6AF8AF2C05B50C002FFB50 /* CreditView.swift */ = {isa = PBXFileReference; lastKnownFileType = sourcecode.swift; path = CreditView.swift; sourceTree = "<group>"; };
		BD83B7972C05C3470085E26A /* DetailView.swift */ = {isa = PBXFileReference; lastKnownFileType = sourcecode.swift; path = DetailView.swift; sourceTree = "<group>"; };
		BD83B7992C05C51B0085E26A /* DetailHeadView.swift */ = {isa = PBXFileReference; lastKnownFileType = sourcecode.swift; path = DetailHeadView.swift; sourceTree = "<group>"; };
		BD83B79B2C05C5C40085E26A /* DetailGalleryView.swift */ = {isa = PBXFileReference; lastKnownFileType = sourcecode.swift; path = DetailGalleryView.swift; sourceTree = "<group>"; };
		BD83B79D2C05C7AC0085E26A /* DetailFactView.swift */ = {isa = PBXFileReference; lastKnownFileType = sourcecode.swift; path = DetailFactView.swift; sourceTree = "<group>"; };
		BD83B79F2C05C8A00085E26A /* ExternalWebLink.swift */ = {isa = PBXFileReference; lastKnownFileType = sourcecode.swift; path = ExternalWebLink.swift; sourceTree = "<group>"; };
		BD9537612C06FE59009D1B5A /* Video.swift */ = {isa = PBXFileReference; lastKnownFileType = sourcecode.swift; path = Video.swift; sourceTree = "<group>"; };
		BD9537632C07005B009D1B5A /* VideoListItem.swift */ = {isa = PBXFileReference; lastKnownFileType = sourcecode.swift; path = VideoListItem.swift; sourceTree = "<group>"; };
		BD9537652C0702BC009D1B5A /* VideoPlayerView.swift */ = {isa = PBXFileReference; lastKnownFileType = sourcecode.swift; path = VideoPlayerView.swift; sourceTree = "<group>"; };
		BD9537672C070303009D1B5A /* YoutubeView.swift */ = {isa = PBXFileReference; lastKnownFileType = sourcecode.swift; path = YoutubeView.swift; sourceTree = "<group>"; };
/* End PBXFileReference section */

/* Begin PBXFrameworksBuildPhase section */
		BD338E2B2C044AEB00E7F2E7 /* Frameworks */ = {
			isa = PBXFrameworksBuildPhase;
			buildActionMask = 2147483647;
			files = (
			);
			runOnlyForDeploymentPostprocessing = 0;
		};
/* End PBXFrameworksBuildPhase section */

/* Begin PBXGroup section */
		BD338E252C044AEB00E7F2E7 = {
			isa = PBXGroup;
			children = (
				BD338E302C044AEB00E7F2E7 /* Animal */,
				BD338E2F2C044AEB00E7F2E7 /* Products */,
			);
			sourceTree = "<group>";
		};
		BD338E2F2C044AEB00E7F2E7 /* Products */ = {
			isa = PBXGroup;
			children = (
				BD338E2E2C044AEB00E7F2E7 /* Animal.app */,
			);
			name = Products;
			sourceTree = "<group>";
		};
		BD338E302C044AEB00E7F2E7 /* Animal */ = {
			isa = PBXGroup;
			children = (
				BD338E442C044CFA00E7F2E7 /* App */,
				BD338E432C044CF300E7F2E7 /* Model */,
				BD338E422C044CF100E7F2E7 /* ViewModel */,
				BD338E412C044CE200E7F2E7 /* View */,
				BD338E402C044CD700E7F2E7 /* Extensions */,
				BD338E3F2C044CD400E7F2E7 /* Data */,
				BD338E352C044AED00E7F2E7 /* Assets.xcassets */,
				BD338E372C044AED00E7F2E7 /* Preview Content */,
			);
			path = Animal;
			sourceTree = "<group>";
		};
		BD338E372C044AED00E7F2E7 /* Preview Content */ = {
			isa = PBXGroup;
			children = (
				BD338E382C044AED00E7F2E7 /* Preview Assets.xcassets */,
			);
			path = "Preview Content";
			sourceTree = "<group>";
		};
		BD338E3F2C044CD400E7F2E7 /* Data */ = {
			isa = PBXGroup;
			children = (
				BD6AF8A32C05AF79002FFB50 /* animals.json */,
				BD338E492C04611800E7F2E7 /* locations.json */,
				BD6AF8A52C05AF8E002FFB50 /* covers.json */,
				BD6AF8A72C05AF97002FFB50 /* videos.json */,
			);
			path = Data;
			sourceTree = "<group>";
		};
		BD338E402C044CD700E7F2E7 /* Extensions */ = {
			isa = PBXGroup;
			children = (
				BD338E4E2C0465D600E7F2E7 /* CGFloat+Extension.swift */,
				BD338E502C04664300E7F2E7 /* View+Extension.swift */,
				BD338E522C0467D400E7F2E7 /* Bundle+Extension.swift */,
			);
			path = Extensions;
			sourceTree = "<group>";
		};
		BD338E412C044CE200E7F2E7 /* View */ = {
			isa = PBXGroup;
			children = (
				BD338E482C044D3D00E7F2E7 /* ContentView */,
				BD338E472C044D3500E7F2E7 /* VideoView */,
				BD338E462C044D2200E7F2E7 /* GalleryView */,
				BD338E452C044D1600E7F2E7 /* AppInfo */,
			);
			path = View;
			sourceTree = "<group>";
		};
		BD338E422C044CF100E7F2E7 /* ViewModel */ = {
			isa = PBXGroup;
			children = (
				BD6AF8A12C05AF0B002FFB50 /* AnimalViewModel.swift */,
			);
			path = ViewModel;
			sourceTree = "<group>";
		};
		BD338E432C044CF300E7F2E7 /* Model */ = {
			isa = PBXGroup;
			children = (
				BD6AF89F2C05A7E7002FFB50 /* Animal.swift */,
				BD6AF8AB2C05B1F6002FFB50 /* CoverImage.swift */,
				BD9537612C06FE59009D1B5A /* Video.swift */,
			);
			path = Model;
			sourceTree = "<group>";
		};
		BD338E442C044CFA00E7F2E7 /* App */ = {
			isa = PBXGroup;
			children = (
				BD338E312C044AEB00E7F2E7 /* AnimalApp.swift */,
				BD338E542C04794300E7F2E7 /* SplashView.swift */,
				BD338E562C0479AB00E7F2E7 /* HomeView.swift */,
			);
			path = App;
			sourceTree = "<group>";
		};
		BD338E452C044D1600E7F2E7 /* AppInfo */ = {
			isa = PBXGroup;
			children = (
				BD338E5C2C047D0300E7F2E7 /* AppInfoView.swift */,
				BD2735E52C166EE2002EF972 /* AppInfoLabel.swift */,
				BD2735E72C166FD6002EF972 /* AppInfoContent.swift */,
			);
			path = AppInfo;
			sourceTree = "<group>";
		};
		BD338E462C044D2200E7F2E7 /* GalleryView */ = {
			isa = PBXGroup;
			children = (
				BD338E5A2C047CFB00E7F2E7 /* GalleryView.swift */,
			);
			path = GalleryView;
			sourceTree = "<group>";
		};
		BD338E472C044D3500E7F2E7 /* VideoView */ = {
			isa = PBXGroup;
			children = (
				BD338E582C047CF500E7F2E7 /* VideoView.swift */,
				BD9537632C07005B009D1B5A /* VideoListItem.swift */,
				BD9537652C0702BC009D1B5A /* VideoPlayerView.swift */,
				BD9537672C070303009D1B5A /* YoutubeView.swift */,
			);
			path = VideoView;
			sourceTree = "<group>";
		};
		BD338E482C044D3D00E7F2E7 /* ContentView */ = {
			isa = PBXGroup;
			children = (
				BD83B7962C05C3400085E26A /* DetailView */,
				BD338E332C044AEB00E7F2E7 /* ContentView.swift */,
				BD6AF8A92C05B19E002FFB50 /* CoverImageView.swift */,
				BD6AF8AD2C05B399002FFB50 /* AnimalListView.swift */,
				BD6AF8AF2C05B50C002FFB50 /* CreditView.swift */,
			);
			path = ContentView;
			sourceTree = "<group>";
		};
		BD83B7962C05C3400085E26A /* DetailView */ = {
			isa = PBXGroup;
			children = (
				BD83B7972C05C3470085E26A /* DetailView.swift */,
				BD83B7992C05C51B0085E26A /* DetailHeadView.swift */,
				BD83B79B2C05C5C40085E26A /* DetailGalleryView.swift */,
				BD83B79D2C05C7AC0085E26A /* DetailFactView.swift */,
				BD83B79F2C05C8A00085E26A /* ExternalWebLink.swift */,
			);
			path = DetailView;
			sourceTree = "<group>";
		};
/* End PBXGroup section */

/* Begin PBXNativeTarget section */
		BD338E2D2C044AEB00E7F2E7 /* Animal */ = {
			isa = PBXNativeTarget;
			buildConfigurationList = BD338E3C2C044AED00E7F2E7 /* Build configuration list for PBXNativeTarget "Animal" */;
			buildPhases = (
				BD338E2A2C044AEB00E7F2E7 /* Sources */,
				BD338E2B2C044AEB00E7F2E7 /* Frameworks */,
				BD338E2C2C044AEB00E7F2E7 /* Resources */,
			);
			buildRules = (
			);
			dependencies = (
			);
			name = Animal;
			productName = Animal;
			productReference = BD338E2E2C044AEB00E7F2E7 /* Animal.app */;
			productType = "com.apple.product-type.application";
		};
/* End PBXNativeTarget section */

/* Begin PBXProject section */
		BD338E262C044AEB00E7F2E7 /* Project object */ = {
			isa = PBXProject;
			attributes = {
				BuildIndependentTargetsInParallel = 1;
				LastSwiftUpdateCheck = 1500;
				LastUpgradeCheck = 1500;
				TargetAttributes = {
					BD338E2D2C044AEB00E7F2E7 = {
						CreatedOnToolsVersion = 15.0.1;
					};
				};
			};
			buildConfigurationList = BD338E292C044AEB00E7F2E7 /* Build configuration list for PBXProject "Animal" */;
			compatibilityVersion = "Xcode 14.0";
			developmentRegion = en;
			hasScannedForEncodings = 0;
			knownRegions = (
				en,
				Base,
			);
			mainGroup = BD338E252C044AEB00E7F2E7;
			productRefGroup = BD338E2F2C044AEB00E7F2E7 /* Products */;
			projectDirPath = "";
			projectRoot = "";
			targets = (
				BD338E2D2C044AEB00E7F2E7 /* Animal */,
			);
		};
/* End PBXProject section */

/* Begin PBXResourcesBuildPhase section */
		BD338E2C2C044AEB00E7F2E7 /* Resources */ = {
			isa = PBXResourcesBuildPhase;
			buildActionMask = 2147483647;
			files = (
				BD6AF8A62C05AF8E002FFB50 /* covers.json in Resources */,
				BD6AF8A42C05AF79002FFB50 /* animals.json in Resources */,
				BD338E392C044AED00E7F2E7 /* Preview Assets.xcassets in Resources */,
				BD338E4B2C04611800E7F2E7 /* locations.json in Resources */,
				BD338E362C044AED00E7F2E7 /* Assets.xcassets in Resources */,
				BD6AF8A82C05AF97002FFB50 /* videos.json in Resources */,
			);
			runOnlyForDeploymentPostprocessing = 0;
		};
/* End PBXResourcesBuildPhase section */

/* Begin PBXSourcesBuildPhase section */
		BD338E2A2C044AEB00E7F2E7 /* Sources */ = {
			isa = PBXSourcesBuildPhase;
			buildActionMask = 2147483647;
			files = (
				BD9537642C07005B009D1B5A /* VideoListItem.swift in Sources */,
				BD338E342C044AEB00E7F2E7 /* ContentView.swift in Sources */,
				BD6AF8B02C05B50C002FFB50 /* CreditView.swift in Sources */,
				BD83B7982C05C3470085E26A /* DetailView.swift in Sources */,
				BD338E572C0479AB00E7F2E7 /* HomeView.swift in Sources */,
				BD6AF8A22C05AF0B002FFB50 /* AnimalViewModel.swift in Sources */,
				BD9537682C070303009D1B5A /* YoutubeView.swift in Sources */,
				BD6AF8AC2C05B1F6002FFB50 /* CoverImage.swift in Sources */,
				BD338E532C0467D400E7F2E7 /* Bundle+Extension.swift in Sources */,
				BD9537622C06FE59009D1B5A /* Video.swift in Sources */,
				BD6AF8AE2C05B399002FFB50 /* AnimalListView.swift in Sources */,
				BD338E322C044AEB00E7F2E7 /* AnimalApp.swift in Sources */,
				BD83B79C2C05C5C40085E26A /* DetailGalleryView.swift in Sources */,
				BD83B79A2C05C51B0085E26A /* DetailHeadView.swift in Sources */,
				BD2735E82C166FD6002EF972 /* AppInfoContent.swift in Sources */,
				BD338E5D2C047D0300E7F2E7 /* AppInfoView.swift in Sources */,
				BD83B7A02C05C8A00085E26A /* ExternalWebLink.swift in Sources */,
				BD6AF8A02C05A7E7002FFB50 /* Animal.swift in Sources */,
				BD6AF8AA2C05B19E002FFB50 /* CoverImageView.swift in Sources */,
				BD2735E62C166EE2002EF972 /* AppInfoLabel.swift in Sources */,
				BD338E592C047CF500E7F2E7 /* VideoView.swift in Sources */,
				BD338E512C04664300E7F2E7 /* View+Extension.swift in Sources */,
				BD338E4F2C0465D600E7F2E7 /* CGFloat+Extension.swift in Sources */,
				BD338E5B2C047CFB00E7F2E7 /* GalleryView.swift in Sources */,
				BD338E552C04794300E7F2E7 /* SplashView.swift in Sources */,
				BD83B79E2C05C7AC0085E26A /* DetailFactView.swift in Sources */,
				BD9537662C0702BC009D1B5A /* VideoPlayerView.swift in Sources */,
			);
			runOnlyForDeploymentPostprocessing = 0;
		};
/* End PBXSourcesBuildPhase section */

/* Begin XCBuildConfiguration section */
		BD338E3A2C044AED00E7F2E7 /* Debug */ = {
			isa = XCBuildConfiguration;
			buildSettings = {
				ALWAYS_SEARCH_USER_PATHS = NO;
				ASSETCATALOG_COMPILER_GENERATE_SWIFT_ASSET_SYMBOL_EXTENSIONS = YES;
				CLANG_ANALYZER_NONNULL = YES;
				CLANG_ANALYZER_NUMBER_OBJECT_CONVERSION = YES_AGGRESSIVE;
				CLANG_CXX_LANGUAGE_STANDARD = "gnu++20";
				CLANG_ENABLE_MODULES = YES;
				CLANG_ENABLE_OBJC_ARC = YES;
				CLANG_ENABLE_OBJC_WEAK = YES;
				CLANG_WARN_BLOCK_CAPTURE_AUTORELEASING = YES;
				CLANG_WARN_BOOL_CONVERSION = YES;
				CLANG_WARN_COMMA = YES;
				CLANG_WARN_CONSTANT_CONVERSION = YES;
				CLANG_WARN_DEPRECATED_OBJC_IMPLEMENTATIONS = YES;
				CLANG_WARN_DIRECT_OBJC_ISA_USAGE = YES_ERROR;
				CLANG_WARN_DOCUMENTATION_COMMENTS = YES;
				CLANG_WARN_EMPTY_BODY = YES;
				CLANG_WARN_ENUM_CONVERSION = YES;
				CLANG_WARN_INFINITE_RECURSION = YES;
				CLANG_WARN_INT_CONVERSION = YES;
				CLANG_WARN_NON_LITERAL_NULL_CONVERSION = YES;
				CLANG_WARN_OBJC_IMPLICIT_RETAIN_SELF = YES;
				CLANG_WARN_OBJC_LITERAL_CONVERSION = YES;
				CLANG_WARN_OBJC_ROOT_CLASS = YES_ERROR;
				CLANG_WARN_QUOTED_INCLUDE_IN_FRAMEWORK_HEADER = YES;
				CLANG_WARN_RANGE_LOOP_ANALYSIS = YES;
				CLANG_WARN_STRICT_PROTOTYPES = YES;
				CLANG_WARN_SUSPICIOUS_MOVE = YES;
				CLANG_WARN_UNGUARDED_AVAILABILITY = YES_AGGRESSIVE;
				CLANG_WARN_UNREACHABLE_CODE = YES;
				CLANG_WARN__DUPLICATE_METHOD_MATCH = YES;
				COPY_PHASE_STRIP = NO;
				DEBUG_INFORMATION_FORMAT = dwarf;
				ENABLE_STRICT_OBJC_MSGSEND = YES;
				ENABLE_TESTABILITY = YES;
				ENABLE_USER_SCRIPT_SANDBOXING = YES;
				GCC_C_LANGUAGE_STANDARD = gnu17;
				GCC_DYNAMIC_NO_PIC = NO;
				GCC_NO_COMMON_BLOCKS = YES;
				GCC_OPTIMIZATION_LEVEL = 0;
				GCC_PREPROCESSOR_DEFINITIONS = (
					"DEBUG=1",
					"$(inherited)",
				);
				GCC_WARN_64_TO_32_BIT_CONVERSION = YES;
				GCC_WARN_ABOUT_RETURN_TYPE = YES_ERROR;
				GCC_WARN_UNDECLARED_SELECTOR = YES;
				GCC_WARN_UNINITIALIZED_AUTOS = YES_AGGRESSIVE;
				GCC_WARN_UNUSED_FUNCTION = YES;
				GCC_WARN_UNUSED_VARIABLE = YES;
				IPHONEOS_DEPLOYMENT_TARGET = 17.0;
				LOCALIZATION_PREFERS_STRING_CATALOGS = YES;
				MTL_ENABLE_DEBUG_INFO = INCLUDE_SOURCE;
				MTL_FAST_MATH = YES;
				ONLY_ACTIVE_ARCH = YES;
				SDKROOT = iphoneos;
				SWIFT_ACTIVE_COMPILATION_CONDITIONS = "DEBUG $(inherited)";
				SWIFT_OPTIMIZATION_LEVEL = "-Onone";
			};
			name = Debug;
		};
		BD338E3B2C044AED00E7F2E7 /* Release */ = {
			isa = XCBuildConfiguration;
			buildSettings = {
				ALWAYS_SEARCH_USER_PATHS = NO;
				ASSETCATALOG_COMPILER_GENERATE_SWIFT_ASSET_SYMBOL_EXTENSIONS = YES;
				CLANG_ANALYZER_NONNULL = YES;
				CLANG_ANALYZER_NUMBER_OBJECT_CONVERSION = YES_AGGRESSIVE;
				CLANG_CXX_LANGUAGE_STANDARD = "gnu++20";
				CLANG_ENABLE_MODULES = YES;
				CLANG_ENABLE_OBJC_ARC = YES;
				CLANG_ENABLE_OBJC_WEAK = YES;
				CLANG_WARN_BLOCK_CAPTURE_AUTORELEASING = YES;
				CLANG_WARN_BOOL_CONVERSION = YES;
				CLANG_WARN_COMMA = YES;
				CLANG_WARN_CONSTANT_CONVERSION = YES;
				CLANG_WARN_DEPRECATED_OBJC_IMPLEMENTATIONS = YES;
				CLANG_WARN_DIRECT_OBJC_ISA_USAGE = YES_ERROR;
				CLANG_WARN_DOCUMENTATION_COMMENTS = YES;
				CLANG_WARN_EMPTY_BODY = YES;
				CLANG_WARN_ENUM_CONVERSION = YES;
				CLANG_WARN_INFINITE_RECURSION = YES;
				CLANG_WARN_INT_CONVERSION = YES;
				CLANG_WARN_NON_LITERAL_NULL_CONVERSION = YES;
				CLANG_WARN_OBJC_IMPLICIT_RETAIN_SELF = YES;
				CLANG_WARN_OBJC_LITERAL_CONVERSION = YES;
				CLANG_WARN_OBJC_ROOT_CLASS = YES_ERROR;
				CLANG_WARN_QUOTED_INCLUDE_IN_FRAMEWORK_HEADER = YES;
				CLANG_WARN_RANGE_LOOP_ANALYSIS = YES;
				CLANG_WARN_STRICT_PROTOTYPES = YES;
				CLANG_WARN_SUSPICIOUS_MOVE = YES;
				CLANG_WARN_UNGUARDED_AVAILABILITY = YES_AGGRESSIVE;
				CLANG_WARN_UNREACHABLE_CODE = YES;
				CLANG_WARN__DUPLICATE_METHOD_MATCH = YES;
				COPY_PHASE_STRIP = NO;
				DEBUG_INFORMATION_FORMAT = "dwarf-with-dsym";
				ENABLE_NS_ASSERTIONS = NO;
				ENABLE_STRICT_OBJC_MSGSEND = YES;
				ENABLE_USER_SCRIPT_SANDBOXING = YES;
				GCC_C_LANGUAGE_STANDARD = gnu17;
				GCC_NO_COMMON_BLOCKS = YES;
				GCC_WARN_64_TO_32_BIT_CONVERSION = YES;
				GCC_WARN_ABOUT_RETURN_TYPE = YES_ERROR;
				GCC_WARN_UNDECLARED_SELECTOR = YES;
				GCC_WARN_UNINITIALIZED_AUTOS = YES_AGGRESSIVE;
				GCC_WARN_UNUSED_FUNCTION = YES;
				GCC_WARN_UNUSED_VARIABLE = YES;
				IPHONEOS_DEPLOYMENT_TARGET = 17.0;
				LOCALIZATION_PREFERS_STRING_CATALOGS = YES;
				MTL_ENABLE_DEBUG_INFO = NO;
				MTL_FAST_MATH = YES;
				SDKROOT = iphoneos;
				SWIFT_COMPILATION_MODE = wholemodule;
				VALIDATE_PRODUCT = YES;
			};
			name = Release;
		};
		BD338E3D2C044AED00E7F2E7 /* Debug */ = {
			isa = XCBuildConfiguration;
			buildSettings = {
				ASSETCATALOG_COMPILER_APPICON_NAME = AppIcon;
				ASSETCATALOG_COMPILER_GLOBAL_ACCENT_COLOR_NAME = AccentColor;
				CODE_SIGN_STYLE = Automatic;
				CURRENT_PROJECT_VERSION = 1;
				DEVELOPMENT_ASSET_PATHS = "\"Animal/Preview Content\"";
				DEVELOPMENT_TEAM = 2274CPFKR7;
				ENABLE_PREVIEWS = YES;
				GENERATE_INFOPLIST_FILE = YES;
				INFOPLIST_KEY_UIApplicationSceneManifest_Generation = YES;
				INFOPLIST_KEY_UIApplicationSupportsIndirectInputEvents = YES;
				INFOPLIST_KEY_UILaunchScreen_Generation = YES;
				INFOPLIST_KEY_UISupportedInterfaceOrientations_iPad = "UIInterfaceOrientationPortrait UIInterfaceOrientationPortraitUpsideDown UIInterfaceOrientationLandscapeLeft UIInterfaceOrientationLandscapeRight";
				INFOPLIST_KEY_UISupportedInterfaceOrientations_iPhone = "UIInterfaceOrientationPortrait UIInterfaceOrientationLandscapeLeft UIInterfaceOrientationLandscapeRight";
				INFOPLIST_KEY_UIUserInterfaceStyle = Dark;
				LD_RUNPATH_SEARCH_PATHS = (
					"$(inherited)",
					"@executable_path/Frameworks",
				);
				MARKETING_VERSION = 1.0;
				PRODUCT_BUNDLE_IDENTIFIER = "com.swiftui-practice.personal.Animal";
				PRODUCT_NAME = "$(TARGET_NAME)";
				SWIFT_EMIT_LOC_STRINGS = YES;
				SWIFT_VERSION = 5.0;
				TARGETED_DEVICE_FAMILY = "1,2";
			};
			name = Debug;
		};
		BD338E3E2C044AED00E7F2E7 /* Release */ = {
			isa = XCBuildConfiguration;
			buildSettings = {
				ASSETCATALOG_COMPILER_APPICON_NAME = AppIcon;
				ASSETCATALOG_COMPILER_GLOBAL_ACCENT_COLOR_NAME = AccentColor;
				CODE_SIGN_STYLE = Automatic;
				CURRENT_PROJECT_VERSION = 1;
				DEVELOPMENT_ASSET_PATHS = "\"Animal/Preview Content\"";
				DEVELOPMENT_TEAM = 2274CPFKR7;
				ENABLE_PREVIEWS = YES;
				GENERATE_INFOPLIST_FILE = YES;
				INFOPLIST_KEY_UIApplicationSceneManifest_Generation = YES;
				INFOPLIST_KEY_UIApplicationSupportsIndirectInputEvents = YES;
				INFOPLIST_KEY_UILaunchScreen_Generation = YES;
				INFOPLIST_KEY_UISupportedInterfaceOrientations_iPad = "UIInterfaceOrientationPortrait UIInterfaceOrientationPortraitUpsideDown UIInterfaceOrientationLandscapeLeft UIInterfaceOrientationLandscapeRight";
				INFOPLIST_KEY_UISupportedInterfaceOrientations_iPhone = "UIInterfaceOrientationPortrait UIInterfaceOrientationLandscapeLeft UIInterfaceOrientationLandscapeRight";
				INFOPLIST_KEY_UIUserInterfaceStyle = Dark;
				LD_RUNPATH_SEARCH_PATHS = (
					"$(inherited)",
					"@executable_path/Frameworks",
				);
				MARKETING_VERSION = 1.0;
				PRODUCT_BUNDLE_IDENTIFIER = "com.swiftui-practice.personal.Animal";
				PRODUCT_NAME = "$(TARGET_NAME)";
				SWIFT_EMIT_LOC_STRINGS = YES;
				SWIFT_VERSION = 5.0;
				TARGETED_DEVICE_FAMILY = "1,2";
			};
			name = Release;
		};
/* End XCBuildConfiguration section */

/* Begin XCConfigurationList section */
		BD338E292C044AEB00E7F2E7 /* Build configuration list for PBXProject "Animal" */ = {
			isa = XCConfigurationList;
			buildConfigurations = (
				BD338E3A2C044AED00E7F2E7 /* Debug */,
				BD338E3B2C044AED00E7F2E7 /* Release */,
			);
			defaultConfigurationIsVisible = 0;
			defaultConfigurationName = Release;
		};
		BD338E3C2C044AED00E7F2E7 /* Build configuration list for PBXNativeTarget "Animal" */ = {
			isa = XCConfigurationList;
			buildConfigurations = (
				BD338E3D2C044AED00E7F2E7 /* Debug */,
				BD338E3E2C044AED00E7F2E7 /* Release */,
			);
			defaultConfigurationIsVisible = 0;
			defaultConfigurationName = Release;
		};
/* End XCConfigurationList section */
	};
	rootObject = BD338E262C044AEB00E7F2E7 /* Project object */;
}
